lockfileVersion: '9.0'

settings:
  autoInstallPeers: true
  excludeLinksFromLockfile: false

importers:
  .:
    dependencies:
      prettier:
        specifier: 3.9.6
        version: 3.9.6
      prettier-plugin-packagejson:
        specifier: ^3.0.2
        version: 3.0.2(prettier@3.9.6)
      sort-package-keys:
        specifier: ^2.0.0
        version: 2.0.0
    devDependencies:
      '@tenedev/prettier-config':
        specifier: ^1.3.0
        version: 1.3.0(prettier@3.9.6)
      '@types/node':
        specifier: ^25.9.5
        version: 25.9.5
      husky:
        specifier: ^9.1.7
        version: 9.1.7
      lint-staged:
        specifier: ^17.2.0
        version: 17.2.0

packages:
  '@tenedev/prettier-config@1.3.0':
    resolution:
      {
        integrity: sha512-2Ofz06jCqpDT8VqoiPn6dF9KcBe+DnZUEv614mvo+Vvnmn5e/QvOg9G1Esg83uZ/LwslBjR9J3tHs8uw/giG7A==,
      }
    engines: { node: '>=14' }
    peerDependencies:
      prettier: 3.x

  '@types/node@25.9.5':
    resolution:
      {
        integrity: sha512-OScDchr2fwuUmWdf4kZ9h7PcJiYDVInhJizG/biAq3cAvqwYktuy/TYGGdZNMtNTFUP7rnb0NU4TUdm82kt4Rg==,
      }

  detect-indent@7.0.2:
    resolution:
      {
        integrity: sha512-y+8xyqdGLL+6sh0tVeHcfP/QDd8gUgbasolJJpY7NgeQGSZ739bDtSiaiDgtoicy+mtYB81dKLxO9xRhCyIB3A==,
      }
    engines: { node: '>=12.20' }

  detect-newline@4.0.1:
    resolution:
      {
        integrity: sha512-qE3Veg1YXzGHQhlA6jzebZN2qVf6NX+A7m7qlhCGG30dJixrAQhYOsJjsnBjJkCSmuOPpCk30145fr8FV0bzog==,
      }
    engines: { node: ^12.20.0 || ^14.13.1 || >=16.0.0 }

  fdir@6.5.0:
    resolution:
      {
        integrity: sha512-tIbYtZbucOs0BRGqPJkshJUYdL+SDH7dVM8gjy+ERp3WAUjLEFJE+02kanyHtwjWOnwrKYBiwAmM0p4kLJAnXg==,
      }
    engines: { node: '>=12.0.0' }
    peerDependencies:
      picomatch: ^3 || ^4
    peerDependenciesMeta:
      picomatch:
        optional: true

  git-hooks-list@4.2.1:
    resolution:
      {
        integrity: sha512-WNvqJjOxxs/8ZP9+DWdwWJ7cDsd60NHf39XnD82pDVrKO5q7xfPqpkK6hwEAmBa/ZSEE4IOoR75EzbbIuwGlMw==,
      }

  husky@9.1.7:
    resolution:
      {
        integrity: sha512-5gs5ytaNjBrh5Ow3zrvdUUY+0VxIuWVL4i9irt6friV+BqdCfmV11CQTWMiBYWHbXhco+J1kHfTOUkePhCDvMA==,
      }
    engines: { node: '>=18' }
    hasBin: true

  is-plain-obj@4.1.0:
    resolution:
      {
        integrity: sha512-+Pgi+vMuUNkJyExiMBt5IlFoMyKnr5zhJ4Uspz58WOhBF5QoIZkFyNHIbBAtHwzVAgk5RtndVNsDRN61/mmDqg==,
      }
    engines: { node: '>=12' }

  lint-staged@17.2.0:
    resolution:
      {
        integrity: sha512-FchGnFe4i4B1C/a35SPU9bNGPEHSC1+1iV0plLjzBmKVe9klZrlRfSgK6Cw4VeHyqOXbJUXP0vON61uRftNQ0A==,
      }
    engines: { node: '>=22.22.1' }
    hasBin: true

  picomatch@4.0.5:
    resolution:
      {
        integrity: sha512-RvwwcruNjI1ncT5xRakeyS9Lf8lcItv34KD+aif+VH9kduAyfYBipGh12274xtenIPZ119/R9BdTBa8gAwSh0A==,
      }
    engines: { node: '>=12' }

  prettier-plugin-packagejson@3.0.2:
    resolution:
      {
        integrity: sha512-kmoj3hEynXwoHDo8ZhmWAIjRBoQWCDUVackiWfSDWdgD0rS3LGB61T9zoVbume/cotYdCoadUh4sqViAmXvpBQ==,
      }
    peerDependencies:
      prettier: ^3
    peerDependenciesMeta:
      prettier:
        optional: true

  prettier@3.9.6:
    resolution:
      {
        integrity: sha512-OpN0zzVdiaiAhxpuuj5efpIS4sY9j7bY6uR5mnj5yPzGkdkjNKSJeUThPb60Jw29QuAZgA4o+/iB49kFiaBX6g==,
      }
    engines: { node: '>=14' }
    hasBin: true

  semver@7.7.4:
    resolution:
      {
        integrity: sha512-vFKC2IEtQnVhpT78h1Yp8wzwrf8CM+MzKMHGJZfBtzhZNycRFnXsHk6E5TxIkkMsgNS7mdX3AGB7x2QM2di4lA==,
      }
    engines: { node: '>=10' }
    hasBin: true

  sort-object-keys@2.1.0:
    resolution:
      {
        integrity: sha512-SOiEnthkJKPv2L6ec6HMwhUcN0/lppkeYuN1x63PbyPRrgSPIuBJCiYxYyvWRTtjMlOi14vQUCGUJqS6PLVm8g==,
      }

  sort-package-json@3.6.0:
    resolution:
      {
        integrity: sha512-fyJsPLhWvY7u2KsKPZn1PixbXp+1m7V8NWqU8CvgFRbMEX41Ffw1kD8n0CfJiGoaSfoAvbrqRRl/DcHO8omQOQ==,
      }
    engines: { node: '>=20' }
    hasBin: true

  sort-package-keys@2.0.0:
    resolution:
      {
        integrity: sha512-LD6yRNs9S5Z9D5+cBLYyfM/ZJfnJYp8UzGA8k/IWCOKCr9hEcGtPnESL6Esms5UnVRbkmZtqU942IT2ezNa0Yg==,
      }

  string-argv@0.3.2:
    resolution:
      {
        integrity: sha512-aqD2Q0144Z+/RqG52NeHEkZauTAUWJO8c6yTftGJKO3Tja5tUgIfmIl6kExvhtxSDP7fXB6DvzkfMpCd/F3G+Q==,
      }
    engines: { node: '>=0.6.19' }

  tinyexec@1.2.4:
    resolution:
      {
        integrity: sha512-SHf/r48b7vOrjve9PxJo3MN5v5yuyjHvdUcrQffT3WXMUfnGmHDVbC4k3sHJaJTgZCwpUplIaAo5ANtMyp3YHg==,
      }
    engines: { node: '>=18' }

  tinyglobby@0.2.15:
    resolution:
      {
        integrity: sha512-j2Zq4NyQYG5XMST4cbs02Ak8iJUdxRM0XI5QyxXuZOzKOINmWurp3smXu3y5wDcJrptwpSjgXHzIQxR0omXljQ==,
      }
    engines: { node: '>=12.0.0' }

  undici-types@7.24.6:
    resolution:
      {
        integrity: sha512-WRNW+sJgj5OBN4/0JpHFqtqzhpbnV0GuB+OozA9gCL7a993SmU+1JBZCzLNxYsbMfIeDL+lTsphD5jN5N+n0zg==,
      }

  yaml@2.9.0:
    resolution:
      {
        integrity: sha512-2AvhNX3mb8zd6Zy7INTtSpl1F15HW6Wnqj0srWlkKLcpYl/gMIMJiyuGq2KeI2YFxUPjdlB+3Lc10seMLtL4cA==,
      }
    engines: { node: '>= 14.6' }
    hasBin: true

snapshots:
  '@tenedev/prettier-config@1.3.0(prettier@3.9.6)':
    dependencies:
      prettier: 3.9.6
      prettier-plugin-packagejson: 3.0.2(prettier@3.9.6)
      sort-package-keys: 2.0.0

  '@types/node@25.9.5':
    dependencies:
      undici-types: 7.24.6

  detect-indent@7.0.2: {}

  detect-newline@4.0.1: {}

  fdir@6.5.0(picomatch@4.0.5):
    optionalDependencies:
      picomatch: 4.0.5

  git-hooks-list@4.2.1: {}

  husky@9.1.7: {}

  is-plain-obj@4.1.0: {}

  lint-staged@17.2.0:
    dependencies:
      picomatch: 4.0.5
      string-argv: 0.3.2
      tinyexec: 1.2.4
    optionalDependencies:
      yaml: 2.9.0

  picomatch@4.0.5: {}

  prettier-plugin-packagejson@3.0.2(prettier@3.9.6):
    dependencies:
      sort-package-json: 3.6.0
    optionalDependencies:
      prettier: 3.9.6

  prettier@3.9.6: {}

  semver@7.7.4: {}

  sort-object-keys@2.1.0: {}

  sort-package-json@3.6.0:
    dependencies:
      detect-indent: 7.0.2
      detect-newline: 4.0.1
      git-hooks-list: 4.2.1
      is-plain-obj: 4.1.0
      semver: 7.7.4
      sort-object-keys: 2.1.0
      tinyglobby: 0.2.15

  sort-package-keys@2.0.0: {}

  string-argv@0.3.2: {}

  tinyexec@1.2.4: {}

  tinyglobby@0.2.15:
    dependencies:
      fdir: 6.5.0(picomatch@4.0.5)
      picomatch: 4.0.5

  undici-types@7.24.6: {}

  yaml@2.9.0:
    optional: true
